
Microsoft Visual Studio Solution File, Format Version 12.00
# Visual Studio Version 17
VisualStudioVersion = 17.5.002.0
MinimumVisualStudioVersion = 10.0.40219.1
Project("{9A19103F-16F7-4668-BE54-9A1E7A4F7556}") = "structuresandEnum", "structuresandEnum.csproj", "{74F45BD1-0EC6-4256-8691-75DEA3D887F5}"
EndProject
Global
	GlobalSection(SolutionConfigurationPlatforms) = preSolution
		Debug|Any CPU = Debug|Any CPU
		Release|Any CPU = Release|Any CPU
	EndGlobalSection
	GlobalSection(ProjectConfigurationPlatforms) = postSolution
		{74F45BD1-0EC6-4256-8691-75DEA3D887F5}.Debug|Any CPU.ActiveCfg = Debug|Any CPU
		{74F45BD1-0EC6-4256-8691-75DEA3D887F5}.Debug|Any CPU.Build.0 = Debug|Any CPU
		{74F45BD1-0EC6-4256-8691-75DEA3D887F5}.Release|Any CPU.ActiveCfg = Release|Any CPU
		{74F45BD1-0EC6-4256-8691-75DEA3D887F5}.Release|Any CPU.Build.0 = Release|Any CPU
	EndGlobalSection
	GlobalSection(SolutionProperties) = preSolution
		HideSolutionNode = FALSE
	EndGlobalSection
	GlobalSection(ExtensibilityGlobals) = postSolution
		SolutionGuid = {18B0BB12-8E81-4039-9CBD-26370E6DCF5A}
	EndGlobalSection
EndGlobal
